
Microsoft Visual Studio Solution File, Format Version 12.00
# Visual Studio Version 16
VisualStudioVersion = 16.0.29509.3
MinimumVisualStudioVersion = 10.0.40219.1
Project("{FAE04EC0-301F-11D3-BF4B-00C04F79EFBC}") = "SecretSanta", "SecretSanta\SecretSanta.csproj", "{31100FA9-3961-4067-AF41-E5A1514E9824}"
EndProject
Project("{FAE04EC0-301F-11D3-BF4B-00C04F79EFBC}") = "SecretSanta_UnitTest", "SecretSanta_Test\SecretSanta_UnitTest.csproj", "{D76EF5A0-B10E-436A-87B6-90EEA633B660}"
EndProject
Project("{FAE04EC0-301F-11D3-BF4B-00C04F79EFBC}") = "SecretSantaConsole", "SecretSantaConsole\SecretSantaConsole.csproj", "{1C46FE59-D4BF-49D8-AD7A-F5D1B93F34CC}"
EndProject
Project("{2150E333-8FDC-42A3-9474-1A3956D46DE8}") = "Test", "Test", "{E7221EFC-08E3-4CAE-A83B-0D5D3316CB32}"
EndProject
Project("{9A19103F-16F7-4668-BE54-9A1E7A4F7556}") = "SecretSantaWebAPI", "SecretSantaWebAPI\SecretSantaWebAPI.csproj", "{3F8A6911-88C0-44C0-9587-C81888FB0EBB}"
EndProject
Project("{FAE04EC0-301F-11D3-BF4B-00C04F79EFBC}") = "SecretSanta.BindingModels", "SecretSanta.BindingModels\SecretSanta.BindingModels.csproj", "{FB172239-2E42-44DE-A487-7EE61E62A77A}"
EndProject
Project("{FAE04EC0-301F-11D3-BF4B-00C04F79EFBC}") = "SecretSanta.Communications", "SecretSanta.Communications\SecretSanta.Communications.csproj", "{DCDFAFC5-955E-404A-99E0-B6CAB38BD3A3}"
EndProject
Global
	GlobalSection(SolutionConfigurationPlatforms) = preSolution
		Debug|Any CPU = Debug|Any CPU
		Release|Any CPU = Release|Any CPU
	EndGlobalSection
	GlobalSection(ProjectConfigurationPlatforms) = postSolution
		{31100FA9-3961-4067-AF41-E5A1514E9824}.Debug|Any CPU.ActiveCfg = Debug|Any CPU
		{31100FA9-3961-4067-AF41-E5A1514E9824}.Debug|Any CPU.Build.0 = Debug|Any CPU
		{31100FA9-3961-4067-AF41-E5A1514E9824}.Release|Any CPU.ActiveCfg = Release|Any CPU
		{31100FA9-3961-4067-AF41-E5A1514E9824}.Release|Any CPU.Build.0 = Release|Any CPU
		{D76EF5A0-B10E-436A-87B6-90EEA633B660}.Debug|Any CPU.ActiveCfg = Debug|Any CPU
		{D76EF5A0-B10E-436A-87B6-90EEA633B660}.Debug|Any CPU.Build.0 = Debug|Any CPU
		{D76EF5A0-B10E-436A-87B6-90EEA633B660}.Release|Any CPU.ActiveCfg = Release|Any CPU
		{D76EF5A0-B10E-436A-87B6-90EEA633B660}.Release|Any CPU.Build.0 = Release|Any CPU
		{1C46FE59-D4BF-49D8-AD7A-F5D1B93F34CC}.Debug|Any CPU.ActiveCfg = Debug|Any CPU
		{1C46FE59-D4BF-49D8-AD7A-F5D1B93F34CC}.Debug|Any CPU.Build.0 = Debug|Any CPU
		{1C46FE59-D4BF-49D8-AD7A-F5D1B93F34CC}.Release|Any CPU.ActiveCfg = Release|Any CPU
		{1C46FE59-D4BF-49D8-AD7A-F5D1B93F34CC}.Release|Any CPU.Build.0 = Release|Any CPU
		{3F8A6911-88C0-44C0-9587-C81888FB0EBB}.Debug|Any CPU.ActiveCfg = Debug|Any CPU
		{3F8A6911-88C0-44C0-9587-C81888FB0EBB}.Debug|Any CPU.Build.0 = Debug|Any CPU
		{3F8A6911-88C0-44C0-9587-C81888FB0EBB}.Release|Any CPU.ActiveCfg = Release|Any CPU
		{3F8A6911-88C0-44C0-9587-C81888FB0EBB}.Release|Any CPU.Build.0 = Release|Any CPU
		{FB172239-2E42-44DE-A487-7EE61E62A77A}.Debug|Any CPU.ActiveCfg = Debug|Any CPU
		{FB172239-2E42-44DE-A487-7EE61E62A77A}.Debug|Any CPU.Build.0 = Debug|Any CPU
		{FB172239-2E42-44DE-A487-7EE61E62A77A}.Release|Any CPU.ActiveCfg = Release|Any CPU
		{FB172239-2E42-44DE-A487-7EE61E62A77A}.Release|Any CPU.Build.0 = Release|Any CPU
		{DCDFAFC5-955E-404A-99E0-B6CAB38BD3A3}.Debug|Any CPU.ActiveCfg = Debug|Any CPU
		{DCDFAFC5-955E-404A-99E0-B6CAB38BD3A3}.Debug|Any CPU.Build.0 = Debug|Any CPU
		{DCDFAFC5-955E-404A-99E0-B6CAB38BD3A3}.Release|Any CPU.ActiveCfg = Release|Any CPU
		{DCDFAFC5-955E-404A-99E0-B6CAB38BD3A3}.Release|Any CPU.Build.0 = Release|Any CPU
	EndGlobalSection
	GlobalSection(SolutionProperties) = preSolution
		HideSolutionNode = FALSE
	EndGlobalSection
	GlobalSection(NestedProjects) = preSolution
		{D76EF5A0-B10E-436A-87B6-90EEA633B660} = {E7221EFC-08E3-4CAE-A83B-0D5D3316CB32}
	EndGlobalSection
	GlobalSection(ExtensibilityGlobals) = postSolution
		SolutionGuid = {9FFCD435-5A8A-46FE-8544-F312ADB22B33}
	EndGlobalSection
EndGlobal
